
Microsoft Visual Studio Solution File, Format Version 12.00
# Visual Studio Version 16
VisualStudioVersion = 16.0.31025.194
MinimumVisualStudioVersion = 10.0.40219.1
Project("{FAE04EC0-301F-11D3-BF4B-00C04F79EFBC}") = "QueryDePara_BKO", "QueryDePara_BKO.csproj", "{916CDCAB-A6CE-4E1B-8DCC-525959DE754D}"
EndProject
Global
	GlobalSection(SolutionConfigurationPlatforms) = preSolution
		Debug|Any CPU = Debug|Any CPU
		Release|Any CPU = Release|Any CPU
	EndGlobalSection
	GlobalSection(ProjectConfigurationPlatforms) = postSolution
		{916CDCAB-A6CE-4E1B-8DCC-525959DE754D}.Debug|Any CPU.ActiveCfg = Debug|Any CPU
		{916CDCAB-A6CE-4E1B-8DCC-525959DE754D}.Debug|Any CPU.Build.0 = Debug|Any CPU
		{916CDCAB-A6CE-4E1B-8DCC-525959DE754D}.Release|Any CPU.ActiveCfg = Release|Any CPU
		{916CDCAB-A6CE-4E1B-8DCC-525959DE754D}.Release|Any CPU.Build.0 = Release|Any CPU
	EndGlobalSection
	GlobalSection(SolutionProperties) = preSolution
		HideSolutionNode = FALSE
	EndGlobalSection
	GlobalSection(ExtensibilityGlobals) = postSolution
		SolutionGuid = {D7BF99A0-FCB3-4065-AAFE-EDCF1A5F0E39}
	EndGlobalSection
EndGlobal
